# This file is automatically @generated by Cargo.
# It is not intended for manual editing.
version = 4

[[package]]
name = "caption-bridge-azookey-rust"
version = "0.1.0"
dependencies = [
 "caption-bridge-japanese-text",
]

[[package]]
name = "caption-bridge-azookey-wasm"
version = "0.1.0"
dependencies = [
 "caption-bridge-azookey-rust",
]

[[package]]
name = "caption-bridge-japanese-text"
version = "0.1.0"
