PODS:
  - Flutter (1.0.0)
  - rust_lib_kotoba_beacon_companion (0.0.1):
    - Flutter

DEPENDENCIES:
  - Flutter (from `Flutter`)
  - rust_lib_kotoba_beacon_companion (from `.symlinks/plugins/rust_lib_kotoba_beacon_companion/ios`)

EXTERNAL SOURCES:
  Flutter:
    :path: Flutter
  rust_lib_kotoba_beacon_companion:
    :path: ".symlinks/plugins/rust_lib_kotoba_beacon_companion/ios"

SPEC CHECKSUMS:
  Flutter: 71a624a5bc0c04062bf19101d501e466baf2fb47
  rust_lib_kotoba_beacon_companion: 52e5ed2693175c3cd8bc6adbe56e5af75283811e

PODFILE CHECKSUM: 5f3876f426363edd4e43326c50395b46c72ec46c

COCOAPODS: 1.17.0
