# This file is automatically @generated by Cargo.
# It is not intended for manual editing.
version = 4

[[package]]
name = "caption-bridge-captions"
version = "0.1.0"
dependencies = [
 "unicode-general-category",
 "unicode-script",
 "unicode-segmentation",
]

[[package]]
name = "unicode-general-category"
version = "1.1.0"
source = "registry+https://github.com/rust-lang/crates.io-index"
checksum = "0b993bddc193ae5bd0d623b49ec06ac3e9312875fdae725a975c51db1cc1677f"

[[package]]
name = "unicode-script"
version = "0.5.8"
source = "registry+https://github.com/rust-lang/crates.io-index"
checksum = "383ad40bb927465ec0ce7720e033cb4ca06912855fc35db31b5755d0de75b1ee"

[[package]]
name = "unicode-segmentation"
version = "1.13.3"
source = "registry+https://github.com/rust-lang/crates.io-index"
checksum = "c6f5d3c3b1bf09027a88a6bc961fc00497d651009560b5463668dc81b0fa87a8"
